
Microsoft Visual Studio Solution File, Format Version 12.00
# Visual Studio Version 16
VisualStudioVersion = 16.0.32510.428
MinimumVisualStudioVersion = 10.0.40219.1
Project("{8BC9CEB8-8B4A-11D0-8D11-00A0C91BC942}") = "quotient and reminder 3", "quotient and reminder 3\quotient and reminder 3.vcxproj", "{145EAE6A-C241-4E59-86F5-22AC37BFCEF3}"
EndProject
Global
	GlobalSection(SolutionConfigurationPlatforms) = preSolution
		Debug|x64 = Debug|x64
		Debug|x86 = Debug|x86
		Release|x64 = Release|x64
		Release|x86 = Release|x86
	EndGlobalSection
	GlobalSection(ProjectConfigurationPlatforms) = postSolution
		{145EAE6A-C241-4E59-86F5-22AC37BFCEF3}.Debug|x64.ActiveCfg = Debug|x64
		{145EAE6A-C241-4E59-86F5-22AC37BFCEF3}.Debug|x64.Build.0 = Debug|x64
		{145EAE6A-C241-4E59-86F5-22AC37BFCEF3}.Debug|x86.ActiveCfg = Debug|Win32
		{145EAE6A-C241-4E59-86F5-22AC37BFCEF3}.Debug|x86.Build.0 = Debug|Win32
		{145EAE6A-C241-4E59-86F5-22AC37BFCEF3}.Release|x64.ActiveCfg = Release|x64
		{145EAE6A-C241-4E59-86F5-22AC37BFCEF3}.Release|x64.Build.0 = Release|x64
		{145EAE6A-C241-4E59-86F5-22AC37BFCEF3}.Release|x86.ActiveCfg = Release|Win32
		{145EAE6A-C241-4E59-86F5-22AC37BFCEF3}.Release|x86.Build.0 = Release|Win32
	EndGlobalSection
	GlobalSection(SolutionProperties) = preSolution
		HideSolutionNode = FALSE
	EndGlobalSection
	GlobalSection(ExtensibilityGlobals) = postSolution
		SolutionGuid = {A8B188C2-7E99-4B43-8DD7-7E992AE5C2B5}
	EndGlobalSection
EndGlobal
